
Microsoft Visual Studio Solution File, Format Version 12.00
# Visual Studio Version 17
VisualStudioVersion = 17.2.32630.192
MinimumVisualStudioVersion = 10.0.40219.1
Project("{FAE04EC0-301F-11D3-BF4B-00C04F79EFBC}") = "DissonantSerenity.API", "DissonantSerenity.API\DissonantSerenity.API.csproj", "{795F0873-FB94-4101-9CB6-DC1C81132297}"
EndProject
Project("{FAE04EC0-301F-11D3-BF4B-00C04F79EFBC}") = "DissonantSerenity.Data", "DissonantSerenity.Data\DissonantSerenity.Data.csproj", "{DEFEA1CB-E317-4DF4-A833-3254D79B12A2}"
EndProject
Project("{FAE04EC0-301F-11D3-BF4B-00C04F79EFBC}") = "DissonantSerenity.Model", "DissonantSerenity.Model\DissonantSerenity.Model.csproj", "{5EE425B7-DDF3-40BA-BB88-66045D8AE286}"
EndProject
Global
	GlobalSection(SolutionConfigurationPlatforms) = preSolution
		Debug|Any CPU = Debug|Any CPU
		Release|Any CPU = Release|Any CPU
	EndGlobalSection
	GlobalSection(ProjectConfigurationPlatforms) = postSolution
		{795F0873-FB94-4101-9CB6-DC1C81132297}.Debug|Any CPU.ActiveCfg = Debug|Any CPU
		{795F0873-FB94-4101-9CB6-DC1C81132297}.Debug|Any CPU.Build.0 = Debug|Any CPU
		{795F0873-FB94-4101-9CB6-DC1C81132297}.Release|Any CPU.ActiveCfg = Release|Any CPU
		{795F0873-FB94-4101-9CB6-DC1C81132297}.Release|Any CPU.Build.0 = Release|Any CPU
		{DEFEA1CB-E317-4DF4-A833-3254D79B12A2}.Debug|Any CPU.ActiveCfg = Debug|Any CPU
		{DEFEA1CB-E317-4DF4-A833-3254D79B12A2}.Debug|Any CPU.Build.0 = Debug|Any CPU
		{DEFEA1CB-E317-4DF4-A833-3254D79B12A2}.Release|Any CPU.ActiveCfg = Release|Any CPU
		{DEFEA1CB-E317-4DF4-A833-3254D79B12A2}.Release|Any CPU.Build.0 = Release|Any CPU
		{5EE425B7-DDF3-40BA-BB88-66045D8AE286}.Debug|Any CPU.ActiveCfg = Debug|Any CPU
		{5EE425B7-DDF3-40BA-BB88-66045D8AE286}.Debug|Any CPU.Build.0 = Debug|Any CPU
		{5EE425B7-DDF3-40BA-BB88-66045D8AE286}.Release|Any CPU.ActiveCfg = Release|Any CPU
		{5EE425B7-DDF3-40BA-BB88-66045D8AE286}.Release|Any CPU.Build.0 = Release|Any CPU
	EndGlobalSection
	GlobalSection(SolutionProperties) = preSolution
		HideSolutionNode = FALSE
	EndGlobalSection
	GlobalSection(ExtensibilityGlobals) = postSolution
		SolutionGuid = {ECB66F5A-4569-4CEA-A55F-63FFCBA617F1}
	EndGlobalSection
EndGlobal
